{
  "version": "5",
  "redirects": {
    "https://esm.sh/@supabase/node-fetch@^2.6.13?target=denonext": "https://esm.sh/@supabase/node-fetch@2.6.15?target=denonext",
    "https://esm.sh/@supabase/node-fetch@^2.6.14?target=denonext": "https://esm.sh/@supabase/node-fetch@2.6.15?target=denonext",
    "https://esm.sh/@supabase/storage-js@^2.10.4?target=denonext": "https://esm.sh/@supabase/storage-js@2.11.0?target=denonext",
    "https://esm.sh/@supabase/supabase-js@2": "https://esm.sh/@supabase/supabase-js@2.56.0",
    "https://esm.sh/@types/sax@~1.2.7/index.d.ts": "https://esm.sh/@types/sax@1.2.7/index.d.ts",
    "https://esm.sh/miniget@^4.2.2?target=denonext": "https://esm.sh/miniget@4.2.3?target=denonext",
    "https://esm.sh/sax@^1.2.4?target=denonext": "https://esm.sh/sax@1.4.1?target=denonext",
    "https://esm.sh/tr46@~0.0.3?target=denonext": "https://esm.sh/tr46@0.0.3?target=denonext",
    "https://esm.sh/webidl-conversions@^3.0.0?target=denonext": "https://esm.sh/webidl-conversions@3.0.1?target=denonext",
    "https://esm.sh/whatwg-url@^5.0.0?target=denonext": "https://esm.sh/whatwg-url@5.0.0?target=denonext"
  },
  "remote": {
    "https://deno.land/std@0.177.0/async/abortable.ts": "73acfb3ed7261ce0d930dbe89e43db8d34e017b063cf0eaa7d215477bf53442e",
    "https://deno.land/std@0.177.0/async/deadline.ts": "c5facb0b404eede83e38bd2717ea8ab34faa2ffb20ef87fd261fcba32ba307aa",
    "https://deno.land/std@0.177.0/async/debounce.ts": "adab11d04ca38d699444ac8a9d9856b4155e8dda2afd07ce78276c01ea5a4332",
    "https://deno.land/std@0.177.0/async/deferred.ts": "42790112f36a75a57db4a96d33974a936deb7b04d25c6084a9fa8a49f135def8",
    "https://deno.land/std@0.177.0/async/delay.ts": "73aa04cec034c84fc748c7be49bb15cac3dd43a57174bfdb7a4aec22c248f0dd",
    "https://deno.land/std@0.177.0/async/mod.ts": "f04344fa21738e5ad6bea37a6bfffd57c617c2d372bb9f9dcfd118a1b622e576",
    "https://deno.land/std@0.177.0/async/mux_async_iterator.ts": "70c7f2ee4e9466161350473ad61cac0b9f115cff4c552eaa7ef9d50c4cbb4cc9",
    "https://deno.land/std@0.177.0/async/pool.ts": "fd082bd4aaf26445909889435a5c74334c017847842ec035739b4ae637ae8260",
    "https://deno.land/std@0.177.0/async/retry.ts": "5efa3ba450ac0c07a40a82e2df296287b5013755d232049efd7ea2244f15b20f",
    "https://deno.land/std@0.177.0/async/tee.ts": "47e42d35f622650b02234d43803d0383a89eb4387e1b83b5a40106d18ae36757",
    "https://deno.land/std@0.177.0/http/server.ts": "cbb17b594651215ba95c01a395700684e569c165a567e4e04bba327f41197433",
    "https://deno.land/std@0.224.0/async/delay.ts": "f90dd685b97c2f142b8069082993e437b1602b8e2561134827eeb7c12b95c499",
    "https://deno.land/std@0.224.0/http/server.ts": "f9313804bf6467a1704f45f76cb6cd0a3396a3b31c316035e6a4c2035d1ea514",
    "https://deno.land/std@0.99.0/_util/assert.ts": "2f868145a042a11d5ad0a3c748dcf580add8a0dbc0e876eaa0026303a5488f58",
    "https://deno.land/std@0.99.0/_util/os.ts": "e282950a0eaa96760c0cf11e7463e66babd15ec9157d4c9ed49cc0925686f6a7",
    "https://deno.land/std@0.99.0/path/_constants.ts": "1247fee4a79b70c89f23499691ef169b41b6ccf01887a0abd131009c5581b853",
    "https://deno.land/std@0.99.0/path/_interface.ts": "1fa73b02aaa24867e481a48492b44f2598cd9dfa513c7b34001437007d3642e4",
    "https://deno.land/std@0.99.0/path/_util.ts": "2e06a3b9e79beaf62687196bd4b60a4c391d862cfa007a20fc3a39f778ba073b",
    "https://deno.land/std@0.99.0/path/common.ts": "eaf03d08b569e8a87e674e4e265e099f237472b6fd135b3cbeae5827035ea14a",
    "https://deno.land/std@0.99.0/path/glob.ts": "314ad9ff263b895795208cdd4d5e35a44618ca3c6dd155e226fb15d065008652",
    "https://deno.land/std@0.99.0/path/mod.ts": "4465dc494f271b02569edbb4a18d727063b5dbd6ed84283ff906260970a15d12",
    "https://deno.land/std@0.99.0/path/posix.ts": "f56c3c99feb47f30a40ce9d252ef6f00296fa7c0fcb6dd81211bdb3b8b99ca3b",
    "https://deno.land/std@0.99.0/path/separator.ts": "8fdcf289b1b76fd726a508f57d3370ca029ae6976fcde5044007f062e643ff1c",
    "https://deno.land/std@0.99.0/path/win32.ts": "77f7b3604e0de40f3a7c698e8a79e7f601dc187035a1c21cb1e596666ce112f8",
    "https://deno.land/x/media_types@v2.9.0/db.ts": "ba39cddbcefce47d577c0529066787a3a7b39d27750a6d32b5ad53ed487e7b7b",
    "https://deno.land/x/media_types@v2.9.0/deps.ts": "364b24c35845cfd5c6903ab22b8ba9873bf1022bbbf6bf3d001695332d4bbb4f",
    "https://deno.land/x/media_types@v2.9.0/mod.ts": "d63583b978d32eff8b76e1ae5d83cba2fb27baa90cc1bcb0ad15a06122ea8c19",
    "https://deno.land/x/sax_ts@v1.2.10/src/sax.ts": "3d468d10d13d2690b5910fd12afc3cf52d979c0f144899d5c36da45c0931634e",
    "https://deno.land/x/xhr@0.1.0/mod.ts": "5200325d879e571961f0927e8e32e66fd33f4ba0d29a219560cf9e0fe9bc6cdf",
    "https://deno.land/x/ytdl_core@v0.1.2/deps.ts": "7428c417a5b9fdba0db74790a328e5824e35cc332c25153c7bcf1657a2cf8a4f",
    "https://deno.land/x/ytdl_core@v0.1.2/mod.ts": "5654b5800933c38b0a7cac3f305811668e786b9a717c47c4a8d156c07736ac25",
    "https://deno.land/x/ytdl_core@v0.1.2/src/cache.ts": "d6ea5bce94dbc42d2fb1533c0975cf3fc46e32c432b6f2fcaf00c8afdb70c691",
    "https://deno.land/x/ytdl_core@v0.1.2/src/format_util.ts": "15be04873e9d178060abd00a221ae6fef7c7987d0b519f521e785f350cc51b39",
    "https://deno.land/x/ytdl_core@v0.1.2/src/formats.ts": "18f14e61c6860cf19fc454d9a7e830f43af4b8a39a7afccf7d6839f90e5e9204",
    "https://deno.land/x/ytdl_core@v0.1.2/src/info.ts": "a3a47373121c5c17c9913b682417a61993ece1345af6ab570c3e70bfc858f2a1",
    "https://deno.land/x/ytdl_core@v0.1.2/src/info_extras.ts": "f3627c10c811e63714c4939806fe5e460aa4d7a372e4e587bc9f0992cb4ff0e7",
    "https://deno.land/x/ytdl_core@v0.1.2/src/request.ts": "66cf1b5418b5a60e542f6541846cfd28ad9b0555c585d8307e5b37da1605f892",
    "https://deno.land/x/ytdl_core@v0.1.2/src/sig.ts": "303e7be76434d35999e32b890ec727b4ff628535d0e358d5cca74ccbe73279a2",
    "https://deno.land/x/ytdl_core@v0.1.2/src/stream.ts": "ff76a4172284b7a4148ab79390093e27f5cf67881b91ff51936b8cba6fdc3e0e",
    "https://deno.land/x/ytdl_core@v0.1.2/src/types.ts": "6b71aff86663d779f6f9457506d6634b6e86ee6f7d0a7aaeda2838ce31306e64",
    "https://deno.land/x/ytdl_core@v0.1.2/src/url_utils.ts": "8b8eb4b76344cae0bede4839b377a0acff3df0a24eef621841358b4aff0f2153",
    "https://deno.land/x/ytdl_core@v0.1.2/src/utils.ts": "9f1334987679194479879c8e9be0c173b60cd4ec784707b086bb04d748d75b3c",
    "https://deno.land/x/ytdl_core@v0.1.2/src/video.ts": "8d55c1775caf5443b478e59b07a38f0418e17cc069ff42caf959c281462f4537",
    "https://esm.sh/@supabase/auth-js@2.71.1/denonext/auth-js.mjs": "d55f67342e652b8bdce35b0ff13ad5cc294b7e96dbd68f859b464b07c6864967",
    "https://esm.sh/@supabase/functions-js@2.4.5/denonext/functions-js.mjs": "acfcb4db90c292c335a9dbb5664485f5e0b680533d68e6942abb9387ec7e0d0b",
    "https://esm.sh/@supabase/node-fetch@2.6.15/denonext/node-fetch.mjs": "0bae9052231f4f6dbccc7234d05ea96923dbf967be12f402764580b6bf9f713d",
    "https://esm.sh/@supabase/node-fetch@2.6.15?target=denonext": "4d28c4ad97328403184353f68434f2b6973971507919e9150297413664919cf3",
    "https://esm.sh/@supabase/postgrest-js@1.21.3/denonext/postgrest-js.mjs": "a9567fcd2c62b498d01514aebf82beb11acdd8242833d081bdc61d1f0227f9ef",
    "https://esm.sh/@supabase/realtime-js@2.15.1/denonext/realtime-js.mjs": "c297565cc5ba09d2732a3fc94a59e06426bd98cc1f836743787e2012a094f0a1",
    "https://esm.sh/@supabase/storage-js@2.11.0/denonext/storage-js.mjs": "86f098636aef56302e6a7389b8eba859874180b0857661be196c3cce387b6461",
    "https://esm.sh/@supabase/storage-js@2.11.0?target=denonext": "d7e8b6651554f79445c88d1beaa8c5e2fcb960a6f67449e4903f532ea3301539",
    "https://esm.sh/@supabase/supabase-js@2.56.0": "50baccccd32442c4f244dfd29278f5f9b054ef3fb5c98e9afe2242d732355757",
    "https://esm.sh/@supabase/supabase-js@2.56.0/denonext/supabase-js.mjs": "954916e048e2777d17106c9d9f3c4a1aeb7fe19fbdcf5683ee77f1aac2515fe5",
    "https://esm.sh/m3u8stream@0.8.6": "1a7e1a7c3ff1546f6b57314a4525e6594723026d42266211b632920e076ccf73",
    "https://esm.sh/m3u8stream@0.8.6/denonext/m3u8stream.mjs": "e25e4a1962ffde77527df2d6a31b9d0f0885f4fd2ef6c9832c1426420acaf5af",
    "https://esm.sh/miniget@4.2.3/denonext/miniget.mjs": "3f3213550f6c677e5960fbce1f27525d4c8f77282c4a1570173cf43cb425f181",
    "https://esm.sh/miniget@4.2.3?target=denonext": "494cfe848b562ee3c26499e9cd695c8479ba919ca1f8ec28ae404760b22cd84f",
    "https://esm.sh/querystring@0.2.1": "860458580d24b0ae28ead350fd052f7d4d095476ea11b23b8f801eba498633e0",
    "https://esm.sh/querystring@0.2.1/denonext/querystring.mjs": "6343f5d1cc5a866836bd13c837f3e8585673a53d9d4a30a376a81fd86eaa37bb",
    "https://esm.sh/sax@1.4.1/denonext/sax.mjs": "f6b76bfda979cf50ea49b0f4c36fdba9ac24c2f5261e31df0adb662f505ef277",
    "https://esm.sh/sax@1.4.1?target=denonext": "e27842cb4e8dc59720f1f3df21075f69ddeb0b5c06bb055efcd72d1d59fefd79",
    "https://esm.sh/tr46@0.0.3/denonext/tr46.mjs": "5753ec0a99414f4055f0c1f97691100f13d88e48a8443b00aebb90a512785fa2",
    "https://esm.sh/tr46@0.0.3?target=denonext": "19cb9be0f0d418a0c3abb81f2df31f080e9540a04e43b0f699bce1149cba0cbb",
    "https://esm.sh/webidl-conversions@3.0.1/denonext/webidl-conversions.mjs": "54b5c2d50a294853c4ccebf9d5ed8988c94f4e24e463d84ec859a866ea5fafec",
    "https://esm.sh/webidl-conversions@3.0.1?target=denonext": "4e20318d50528084616c79d7b3f6e7f0fe7b6d09013bd01b3974d7448d767e29",
    "https://esm.sh/whatwg-url@5.0.0/denonext/whatwg-url.mjs": "29b16d74ee72624c915745bbd25b617cfd2248c6af0f5120d131e232a9a9af79",
    "https://esm.sh/whatwg-url@5.0.0?target=denonext": "f001a2cadf81312d214ca330033f474e74d81a003e21e8c5d70a1f46dc97b02d",
    "https://raw.githubusercontent.com/fent/node-m3u8stream/master/src/parse-time.ts": "7cf1d14095380fa9e75f7c4c4420dcd9f21ea5279a6731e94b81a543342f3ac9"
  },
  "workspace": {
    "packageJson": {
      "dependencies": [
        "npm:@genkit-ai/googleai@^1.1.0",
        "npm:@radix-ui/react-accordion@^1.2.0",
        "npm:@radix-ui/react-alert-dialog@^1.1.1",
        "npm:@radix-ui/react-aspect-ratio@^1.1.0",
        "npm:@radix-ui/react-avatar@^1.1.0",
        "npm:@radix-ui/react-checkbox@^1.1.1",
        "npm:@radix-ui/react-collapsible@^1.1.0",
        "npm:@radix-ui/react-context-menu@^2.2.1",
        "npm:@radix-ui/react-dialog@^1.1.1",
        "npm:@radix-ui/react-dropdown-menu@^2.1.1",
        "npm:@radix-ui/react-hover-card@^1.1.1",
        "npm:@radix-ui/react-label@^2.1.0",
        "npm:@radix-ui/react-menubar@^1.1.1",
        "npm:@radix-ui/react-navigation-menu@^1.2.0",
        "npm:@radix-ui/react-popover@^1.1.1",
        "npm:@radix-ui/react-progress@^1.1.0",
        "npm:@radix-ui/react-radio-group@^1.2.0",
        "npm:@radix-ui/react-scroll-area@^1.1.0",
        "npm:@radix-ui/react-select@^2.1.1",
        "npm:@radix-ui/react-separator@^1.1.0",
        "npm:@radix-ui/react-slider@^1.2.0",
        "npm:@radix-ui/react-slot@^1.1.0",
        "npm:@radix-ui/react-switch@^1.1.0",
        "npm:@radix-ui/react-tabs@^1.1.0",
        "npm:@radix-ui/react-toast@^1.2.1",
        "npm:@radix-ui/react-toggle-group@^1.1.0",
        "npm:@radix-ui/react-toggle@^1.1.0",
        "npm:@radix-ui/react-tooltip@^1.1.2",
        "npm:@supabase/ssr@~0.4.1",
        "npm:@supabase/supabase-js@^2.44.4",
        "npm:@tanstack/react-query@^5.51.1",
        "npm:@types/node@^20.14.11",
        "npm:@types/nodemailer@^7.0.1",
        "npm:@types/react-dom@^18.3.0",
        "npm:@types/react-youtube@^7.6.2",
        "npm:@types/react@^18.3.3",
        "npm:@types/uuid@10",
        "npm:autoprefixer@^10.4.19",
        "npm:class-variance-authority@0.7",
        "npm:cloudinary@^2.7.0",
        "npm:clsx@^2.1.1",
        "npm:cmdk@1",
        "npm:critters@^0.0.23",
        "npm:date-fns-tz@^3.2.0",
        "npm:date-fns@^3.6.0",
        "npm:embla-carousel-autoplay@^8.1.7",
        "npm:embla-carousel-react@^8.1.7",
        "npm:eslint-config-next@14.2.3",
        "npm:eslint@^8.57.0",
        "npm:framer-motion@^11.3.8",
        "npm:genkit@1",
        "npm:input-otp@^1.2.5",
        "npm:lucide-react@0.411",
        "npm:next-themes@0.3",
        "npm:next@^15.5.2",
        "npm:node-fetch@^3.3.2",
        "npm:nodemailer@^7.0.6",
        "npm:postcss@^8.4.39",
        "npm:react-day-picker@^8.10.1",
        "npm:react-dom@^18.3.1",
        "npm:react-hook-form@^7.52.1",
        "npm:react-markdown@^9.0.1",
        "npm:react-resizable-panels@^2.0.20",
        "npm:react-youtube@^10.1.0",
        "npm:react@^18.3.1",
        "npm:recharts@^2.15.4",
        "npm:remark-gfm@4",
        "npm:sonner@^1.5.0",
        "npm:supabase@^2.39.2",
        "npm:tailwind-merge@^2.4.0",
        "npm:tailwindcss-animate@^1.0.7",
        "npm:tailwindcss@^3.4.6",
        "npm:typescript@^5.5.3",
        "npm:uuid@^11.1.0",
        "npm:vaul@~0.9.1",
        "npm:wav@^1.0.2",
        "npm:zod@^3.23.8"
      ]
    }
  }
}
